
Microsoft Visual Studio Solution File, Format Version 12.00
# Visual Studio Version 17
VisualStudioVersion = 17.8.34309.116
MinimumVisualStudioVersion = 10.0.40219.1
Project("{FAE04EC0-301F-11D3-BF4B-00C04F79EFBC}") = "LearnNet_IdentityServer", "LearnNet_IdentityServer.csproj", "{A18E965C-7C8C-4206-B791-DD33F43A58F4}"
EndProject
Global
	GlobalSection(SolutionConfigurationPlatforms) = preSolution
		Debug|Any CPU = Debug|Any CPU
		Release|Any CPU = Release|Any CPU
	EndGlobalSection
	GlobalSection(ProjectConfigurationPlatforms) = postSolution
		{A18E965C-7C8C-4206-B791-DD33F43A58F4}.Debug|Any CPU.ActiveCfg = Debug|Any CPU
		{A18E965C-7C8C-4206-B791-DD33F43A58F4}.Debug|Any CPU.Build.0 = Debug|Any CPU
		{A18E965C-7C8C-4206-B791-DD33F43A58F4}.Release|Any CPU.ActiveCfg = Release|Any CPU
		{A18E965C-7C8C-4206-B791-DD33F43A58F4}.Release|Any CPU.Build.0 = Release|Any CPU
	EndGlobalSection
	GlobalSection(SolutionProperties) = preSolution
		HideSolutionNode = FALSE
	EndGlobalSection
	GlobalSection(ExtensibilityGlobals) = postSolution
		SolutionGuid = {570F383E-A732-486E-B1A9-521C07060DFC}
	EndGlobalSection
EndGlobal
